
Microsoft Visual Studio Solution File, Format Version 12.00
# Visual Studio 2013
VisualStudioVersion = 12.0.31101.0
MinimumVisualStudioVersion = 10.0.40219.1
Project("{FAE04EC0-301F-11D3-BF4B-00C04F79EFBC}") = "Algorithms1", "Algorithms1\Algorithms1.csproj", "{9C1A55EB-CFA5-4DD4-90AD-ECFC873C746C}"
EndProject
Project("{FAE04EC0-301F-11D3-BF4B-00C04F79EFBC}") = "Algorithms2", "Algorithms2\Algorithms2.csproj", "{52E145E8-7764-48FB-AD4E-430F285CC0AC}"
EndProject
Project("{FAE04EC0-301F-11D3-BF4B-00C04F79EFBC}") = "Algorithms3", "Algorithms3\Algorithms3.csproj", "{E11AA448-61FC-46FF-A107-A3A090DEA53C}"
EndProject
Global
	GlobalSection(SolutionConfigurationPlatforms) = preSolution
		Debug|Any CPU = Debug|Any CPU
		Release|Any CPU = Release|Any CPU
	EndGlobalSection
	GlobalSection(ProjectConfigurationPlatforms) = postSolution
		{9C1A55EB-CFA5-4DD4-90AD-ECFC873C746C}.Debug|Any CPU.ActiveCfg = Debug|Any CPU
		{9C1A55EB-CFA5-4DD4-90AD-ECFC873C746C}.Debug|Any CPU.Build.0 = Debug|Any CPU
		{9C1A55EB-CFA5-4DD4-90AD-ECFC873C746C}.Release|Any CPU.ActiveCfg = Release|Any CPU
		{9C1A55EB-CFA5-4DD4-90AD-ECFC873C746C}.Release|Any CPU.Build.0 = Release|Any CPU
		{52E145E8-7764-48FB-AD4E-430F285CC0AC}.Debug|Any CPU.ActiveCfg = Debug|Any CPU
		{52E145E8-7764-48FB-AD4E-430F285CC0AC}.Debug|Any CPU.Build.0 = Debug|Any CPU
		{52E145E8-7764-48FB-AD4E-430F285CC0AC}.Release|Any CPU.ActiveCfg = Release|Any CPU
		{52E145E8-7764-48FB-AD4E-430F285CC0AC}.Release|Any CPU.Build.0 = Release|Any CPU
		{E11AA448-61FC-46FF-A107-A3A090DEA53C}.Debug|Any CPU.ActiveCfg = Debug|Any CPU
		{E11AA448-61FC-46FF-A107-A3A090DEA53C}.Debug|Any CPU.Build.0 = Debug|Any CPU
		{E11AA448-61FC-46FF-A107-A3A090DEA53C}.Release|Any CPU.ActiveCfg = Release|Any CPU
		{E11AA448-61FC-46FF-A107-A3A090DEA53C}.Release|Any CPU.Build.0 = Release|Any CPU
	EndGlobalSection
	GlobalSection(SolutionProperties) = preSolution
		HideSolutionNode = FALSE
	EndGlobalSection
EndGlobal
