
Microsoft Visual Studio Solution File, Format Version 12.00
# Visual Studio 2013
VisualStudioVersion = 12.0.31101.0
MinimumVisualStudioVersion = 10.0.40219.1
Project("{FAE04EC0-301F-11D3-BF4B-00C04F79EFBC}") = "Array1", "Array1\Array1.csproj", "{7C65D6F4-6956-419F-B039-7FF5F4BD53BD}"
EndProject
Project("{FAE04EC0-301F-11D3-BF4B-00C04F79EFBC}") = "Array2", "Array2\Array2.csproj", "{81811D74-CF36-48B1-B54F-2FB8E195CAB6}"
EndProject
Project("{FAE04EC0-301F-11D3-BF4B-00C04F79EFBC}") = "Array3", "Array3\Array3.csproj", "{DD46E44D-1459-4171-8CED-DA448EAC160F}"
EndProject
Project("{FAE04EC0-301F-11D3-BF4B-00C04F79EFBC}") = "Array4", "Array4\Array4.csproj", "{C620E58C-E114-4037-8A04-F3222ECE7EDC}"
EndProject
Project("{FAE04EC0-301F-11D3-BF4B-00C04F79EFBC}") = "Array5", "Array5\Array5.csproj", "{75DA7353-9305-4BDE-99F8-8EAE3214A6F4}"
EndProject
Project("{FAE04EC0-301F-11D3-BF4B-00C04F79EFBC}") = "Array6", "Array6\Array6.csproj", "{8178458A-49D2-45BD-852F-AFEFB29F4A18}"
EndProject
Project("{FAE04EC0-301F-11D3-BF4B-00C04F79EFBC}") = "Array7", "Array7\Array7.csproj", "{FB6C13D4-43DF-4AE8-B33F-AA9B6C7D839A}"
EndProject
Project("{FAE04EC0-301F-11D3-BF4B-00C04F79EFBC}") = "Array8", "Array8\Array8.csproj", "{20BDB3F9-25A0-42D1-BCB2-19CF364A7631}"
EndProject
Project("{FAE04EC0-301F-11D3-BF4B-00C04F79EFBC}") = "Method1", "Method1\Method1.csproj", "{46E27001-72C7-403F-AE22-1977CE7204A1}"
EndProject
Project("{FAE04EC0-301F-11D3-BF4B-00C04F79EFBC}") = "Method2", "Method2\Method2.csproj", "{97118680-F35F-4C4B-86DB-347744C8A70D}"
EndProject
Project("{FAE04EC0-301F-11D3-BF4B-00C04F79EFBC}") = "Method3", "Method3\Method3.csproj", "{BB325D6B-D775-4A01-B72C-71D86A838E6A}"
EndProject
Project("{FAE04EC0-301F-11D3-BF4B-00C04F79EFBC}") = "Method4", "Method4\Method4.csproj", "{E155FCEA-F9D8-485A-8144-F05CDFF3F74B}"
EndProject
Project("{FAE04EC0-301F-11D3-BF4B-00C04F79EFBC}") = "Recursion1", "Method5\Recursion1.csproj", "{B5A89677-B499-43DE-AB2D-7C73DA6D2396}"
EndProject
Project("{FAE04EC0-301F-11D3-BF4B-00C04F79EFBC}") = "Recursion2", "Recursion2\Recursion2.csproj", "{FEE42514-52BC-430B-AFBF-7BF0EF7CC30A}"
EndProject
Global
	GlobalSection(SolutionConfigurationPlatforms) = preSolution
		Debug|Any CPU = Debug|Any CPU
		Debug|ARM = Debug|ARM
		Debug|x64 = Debug|x64
		Debug|x86 = Debug|x86
		Release|Any CPU = Release|Any CPU
		Release|ARM = Release|ARM
		Release|x64 = Release|x64
		Release|x86 = Release|x86
	EndGlobalSection
	GlobalSection(ProjectConfigurationPlatforms) = postSolution
		{7C65D6F4-6956-419F-B039-7FF5F4BD53BD}.Debug|Any CPU.ActiveCfg = Debug|Any CPU
		{7C65D6F4-6956-419F-B039-7FF5F4BD53BD}.Debug|Any CPU.Build.0 = Debug|Any CPU
		{7C65D6F4-6956-419F-B039-7FF5F4BD53BD}.Debug|ARM.ActiveCfg = Debug|Any CPU
		{7C65D6F4-6956-419F-B039-7FF5F4BD53BD}.Debug|x64.ActiveCfg = Debug|Any CPU
		{7C65D6F4-6956-419F-B039-7FF5F4BD53BD}.Debug|x86.ActiveCfg = Debug|Any CPU
		{7C65D6F4-6956-419F-B039-7FF5F4BD53BD}.Release|Any CPU.ActiveCfg = Release|Any CPU
		{7C65D6F4-6956-419F-B039-7FF5F4BD53BD}.Release|Any CPU.Build.0 = Release|Any CPU
		{7C65D6F4-6956-419F-B039-7FF5F4BD53BD}.Release|ARM.ActiveCfg = Release|Any CPU
		{7C65D6F4-6956-419F-B039-7FF5F4BD53BD}.Release|x64.ActiveCfg = Release|Any CPU
		{7C65D6F4-6956-419F-B039-7FF5F4BD53BD}.Release|x86.ActiveCfg = Release|Any CPU
		{81811D74-CF36-48B1-B54F-2FB8E195CAB6}.Debug|Any CPU.ActiveCfg = Debug|Any CPU
		{81811D74-CF36-48B1-B54F-2FB8E195CAB6}.Debug|Any CPU.Build.0 = Debug|Any CPU
		{81811D74-CF36-48B1-B54F-2FB8E195CAB6}.Debug|ARM.ActiveCfg = Debug|Any CPU
		{81811D74-CF36-48B1-B54F-2FB8E195CAB6}.Debug|x64.ActiveCfg = Debug|Any CPU
		{81811D74-CF36-48B1-B54F-2FB8E195CAB6}.Debug|x86.ActiveCfg = Debug|Any CPU
		{81811D74-CF36-48B1-B54F-2FB8E195CAB6}.Release|Any CPU.ActiveCfg = Release|Any CPU
		{81811D74-CF36-48B1-B54F-2FB8E195CAB6}.Release|Any CPU.Build.0 = Release|Any CPU
		{81811D74-CF36-48B1-B54F-2FB8E195CAB6}.Release|ARM.ActiveCfg = Release|Any CPU
		{81811D74-CF36-48B1-B54F-2FB8E195CAB6}.Release|x64.ActiveCfg = Release|Any CPU
		{81811D74-CF36-48B1-B54F-2FB8E195CAB6}.Release|x86.ActiveCfg = Release|Any CPU
		{DD46E44D-1459-4171-8CED-DA448EAC160F}.Debug|Any CPU.ActiveCfg = Debug|Any CPU
		{DD46E44D-1459-4171-8CED-DA448EAC160F}.Debug|Any CPU.Build.0 = Debug|Any CPU
		{DD46E44D-1459-4171-8CED-DA448EAC160F}.Debug|ARM.ActiveCfg = Debug|Any CPU
		{DD46E44D-1459-4171-8CED-DA448EAC160F}.Debug|x64.ActiveCfg = Debug|Any CPU
		{DD46E44D-1459-4171-8CED-DA448EAC160F}.Debug|x86.ActiveCfg = Debug|Any CPU
		{DD46E44D-1459-4171-8CED-DA448EAC160F}.Release|Any CPU.ActiveCfg = Release|Any CPU
		{DD46E44D-1459-4171-8CED-DA448EAC160F}.Release|Any CPU.Build.0 = Release|Any CPU
		{DD46E44D-1459-4171-8CED-DA448EAC160F}.Release|ARM.ActiveCfg = Release|Any CPU
		{DD46E44D-1459-4171-8CED-DA448EAC160F}.Release|x64.ActiveCfg = Release|Any CPU
		{DD46E44D-1459-4171-8CED-DA448EAC160F}.Release|x86.ActiveCfg = Release|Any CPU
		{C620E58C-E114-4037-8A04-F3222ECE7EDC}.Debug|Any CPU.ActiveCfg = Debug|Any CPU
		{C620E58C-E114-4037-8A04-F3222ECE7EDC}.Debug|Any CPU.Build.0 = Debug|Any CPU
		{C620E58C-E114-4037-8A04-F3222ECE7EDC}.Debug|ARM.ActiveCfg = Debug|Any CPU
		{C620E58C-E114-4037-8A04-F3222ECE7EDC}.Debug|x64.ActiveCfg = Debug|Any CPU
		{C620E58C-E114-4037-8A04-F3222ECE7EDC}.Debug|x86.ActiveCfg = Debug|Any CPU
		{C620E58C-E114-4037-8A04-F3222ECE7EDC}.Release|Any CPU.ActiveCfg = Release|Any CPU
		{C620E58C-E114-4037-8A04-F3222ECE7EDC}.Release|Any CPU.Build.0 = Release|Any CPU
		{C620E58C-E114-4037-8A04-F3222ECE7EDC}.Release|ARM.ActiveCfg = Release|Any CPU
		{C620E58C-E114-4037-8A04-F3222ECE7EDC}.Release|x64.ActiveCfg = Release|Any CPU
		{C620E58C-E114-4037-8A04-F3222ECE7EDC}.Release|x86.ActiveCfg = Release|Any CPU
		{75DA7353-9305-4BDE-99F8-8EAE3214A6F4}.Debug|Any CPU.ActiveCfg = Debug|Any CPU
		{75DA7353-9305-4BDE-99F8-8EAE3214A6F4}.Debug|Any CPU.Build.0 = Debug|Any CPU
		{75DA7353-9305-4BDE-99F8-8EAE3214A6F4}.Debug|ARM.ActiveCfg = Debug|Any CPU
		{75DA7353-9305-4BDE-99F8-8EAE3214A6F4}.Debug|x64.ActiveCfg = Debug|Any CPU
		{75DA7353-9305-4BDE-99F8-8EAE3214A6F4}.Debug|x86.ActiveCfg = Debug|Any CPU
		{75DA7353-9305-4BDE-99F8-8EAE3214A6F4}.Release|Any CPU.ActiveCfg = Release|Any CPU
		{75DA7353-9305-4BDE-99F8-8EAE3214A6F4}.Release|Any CPU.Build.0 = Release|Any CPU
		{75DA7353-9305-4BDE-99F8-8EAE3214A6F4}.Release|ARM.ActiveCfg = Release|Any CPU
		{75DA7353-9305-4BDE-99F8-8EAE3214A6F4}.Release|x64.ActiveCfg = Release|Any CPU
		{75DA7353-9305-4BDE-99F8-8EAE3214A6F4}.Release|x86.ActiveCfg = Release|Any CPU
		{8178458A-49D2-45BD-852F-AFEFB29F4A18}.Debug|Any CPU.ActiveCfg = Debug|Any CPU
		{8178458A-49D2-45BD-852F-AFEFB29F4A18}.Debug|Any CPU.Build.0 = Debug|Any CPU
		{8178458A-49D2-45BD-852F-AFEFB29F4A18}.Debug|ARM.ActiveCfg = Debug|Any CPU
		{8178458A-49D2-45BD-852F-AFEFB29F4A18}.Debug|x64.ActiveCfg = Debug|Any CPU
		{8178458A-49D2-45BD-852F-AFEFB29F4A18}.Debug|x86.ActiveCfg = Debug|Any CPU
		{8178458A-49D2-45BD-852F-AFEFB29F4A18}.Release|Any CPU.ActiveCfg = Release|Any CPU
		{8178458A-49D2-45BD-852F-AFEFB29F4A18}.Release|Any CPU.Build.0 = Release|Any CPU
		{8178458A-49D2-45BD-852F-AFEFB29F4A18}.Release|ARM.ActiveCfg = Release|Any CPU
		{8178458A-49D2-45BD-852F-AFEFB29F4A18}.Release|x64.ActiveCfg = Release|Any CPU
		{8178458A-49D2-45BD-852F-AFEFB29F4A18}.Release|x86.ActiveCfg = Release|Any CPU
		{FB6C13D4-43DF-4AE8-B33F-AA9B6C7D839A}.Debug|Any CPU.ActiveCfg = Debug|Any CPU
		{FB6C13D4-43DF-4AE8-B33F-AA9B6C7D839A}.Debug|Any CPU.Build.0 = Debug|Any CPU
		{FB6C13D4-43DF-4AE8-B33F-AA9B6C7D839A}.Debug|ARM.ActiveCfg = Debug|Any CPU
		{FB6C13D4-43DF-4AE8-B33F-AA9B6C7D839A}.Debug|x64.ActiveCfg = Debug|Any CPU
		{FB6C13D4-43DF-4AE8-B33F-AA9B6C7D839A}.Debug|x86.ActiveCfg = Debug|Any CPU
		{FB6C13D4-43DF-4AE8-B33F-AA9B6C7D839A}.Release|Any CPU.ActiveCfg = Release|Any CPU
		{FB6C13D4-43DF-4AE8-B33F-AA9B6C7D839A}.Release|Any CPU.Build.0 = Release|Any CPU
		{FB6C13D4-43DF-4AE8-B33F-AA9B6C7D839A}.Release|ARM.ActiveCfg = Release|Any CPU
		{FB6C13D4-43DF-4AE8-B33F-AA9B6C7D839A}.Release|x64.ActiveCfg = Release|Any CPU
		{FB6C13D4-43DF-4AE8-B33F-AA9B6C7D839A}.Release|x86.ActiveCfg = Release|Any CPU
		{20BDB3F9-25A0-42D1-BCB2-19CF364A7631}.Debug|Any CPU.ActiveCfg = Debug|Any CPU
		{20BDB3F9-25A0-42D1-BCB2-19CF364A7631}.Debug|Any CPU.Build.0 = Debug|Any CPU
		{20BDB3F9-25A0-42D1-BCB2-19CF364A7631}.Debug|ARM.ActiveCfg = Debug|Any CPU
		{20BDB3F9-25A0-42D1-BCB2-19CF364A7631}.Debug|x64.ActiveCfg = Debug|Any CPU
		{20BDB3F9-25A0-42D1-BCB2-19CF364A7631}.Debug|x86.ActiveCfg = Debug|Any CPU
		{20BDB3F9-25A0-42D1-BCB2-19CF364A7631}.Release|Any CPU.ActiveCfg = Release|Any CPU
		{20BDB3F9-25A0-42D1-BCB2-19CF364A7631}.Release|Any CPU.Build.0 = Release|Any CPU
		{20BDB3F9-25A0-42D1-BCB2-19CF364A7631}.Release|ARM.ActiveCfg = Release|Any CPU
		{20BDB3F9-25A0-42D1-BCB2-19CF364A7631}.Release|x64.ActiveCfg = Release|Any CPU
		{20BDB3F9-25A0-42D1-BCB2-19CF364A7631}.Release|x86.ActiveCfg = Release|Any CPU
		{46E27001-72C7-403F-AE22-1977CE7204A1}.Debug|Any CPU.ActiveCfg = Debug|Any CPU
		{46E27001-72C7-403F-AE22-1977CE7204A1}.Debug|Any CPU.Build.0 = Debug|Any CPU
		{46E27001-72C7-403F-AE22-1977CE7204A1}.Debug|ARM.ActiveCfg = Debug|Any CPU
		{46E27001-72C7-403F-AE22-1977CE7204A1}.Debug|x64.ActiveCfg = Debug|Any CPU
		{46E27001-72C7-403F-AE22-1977CE7204A1}.Debug|x86.ActiveCfg = Debug|Any CPU
		{46E27001-72C7-403F-AE22-1977CE7204A1}.Release|Any CPU.ActiveCfg = Release|Any CPU
		{46E27001-72C7-403F-AE22-1977CE7204A1}.Release|Any CPU.Build.0 = Release|Any CPU
		{46E27001-72C7-403F-AE22-1977CE7204A1}.Release|ARM.ActiveCfg = Release|Any CPU
		{46E27001-72C7-403F-AE22-1977CE7204A1}.Release|x64.ActiveCfg = Release|Any CPU
		{46E27001-72C7-403F-AE22-1977CE7204A1}.Release|x86.ActiveCfg = Release|Any CPU
		{97118680-F35F-4C4B-86DB-347744C8A70D}.Debug|Any CPU.ActiveCfg = Debug|Any CPU
		{97118680-F35F-4C4B-86DB-347744C8A70D}.Debug|Any CPU.Build.0 = Debug|Any CPU
		{97118680-F35F-4C4B-86DB-347744C8A70D}.Debug|ARM.ActiveCfg = Debug|Any CPU
		{97118680-F35F-4C4B-86DB-347744C8A70D}.Debug|x64.ActiveCfg = Debug|Any CPU
		{97118680-F35F-4C4B-86DB-347744C8A70D}.Debug|x86.ActiveCfg = Debug|Any CPU
		{97118680-F35F-4C4B-86DB-347744C8A70D}.Release|Any CPU.ActiveCfg = Release|Any CPU
		{97118680-F35F-4C4B-86DB-347744C8A70D}.Release|Any CPU.Build.0 = Release|Any CPU
		{97118680-F35F-4C4B-86DB-347744C8A70D}.Release|ARM.ActiveCfg = Release|Any CPU
		{97118680-F35F-4C4B-86DB-347744C8A70D}.Release|x64.ActiveCfg = Release|Any CPU
		{97118680-F35F-4C4B-86DB-347744C8A70D}.Release|x86.ActiveCfg = Release|Any CPU
		{BB325D6B-D775-4A01-B72C-71D86A838E6A}.Debug|Any CPU.ActiveCfg = Debug|Any CPU
		{BB325D6B-D775-4A01-B72C-71D86A838E6A}.Debug|Any CPU.Build.0 = Debug|Any CPU
		{BB325D6B-D775-4A01-B72C-71D86A838E6A}.Debug|ARM.ActiveCfg = Debug|Any CPU
		{BB325D6B-D775-4A01-B72C-71D86A838E6A}.Debug|x64.ActiveCfg = Debug|Any CPU
		{BB325D6B-D775-4A01-B72C-71D86A838E6A}.Debug|x86.ActiveCfg = Debug|Any CPU
		{BB325D6B-D775-4A01-B72C-71D86A838E6A}.Release|Any CPU.ActiveCfg = Release|Any CPU
		{BB325D6B-D775-4A01-B72C-71D86A838E6A}.Release|Any CPU.Build.0 = Release|Any CPU
		{BB325D6B-D775-4A01-B72C-71D86A838E6A}.Release|ARM.ActiveCfg = Release|Any CPU
		{BB325D6B-D775-4A01-B72C-71D86A838E6A}.Release|x64.ActiveCfg = Release|Any CPU
		{BB325D6B-D775-4A01-B72C-71D86A838E6A}.Release|x86.ActiveCfg = Release|Any CPU
		{E155FCEA-F9D8-485A-8144-F05CDFF3F74B}.Debug|Any CPU.ActiveCfg = Debug|Any CPU
		{E155FCEA-F9D8-485A-8144-F05CDFF3F74B}.Debug|Any CPU.Build.0 = Debug|Any CPU
		{E155FCEA-F9D8-485A-8144-F05CDFF3F74B}.Debug|ARM.ActiveCfg = Debug|Any CPU
		{E155FCEA-F9D8-485A-8144-F05CDFF3F74B}.Debug|x64.ActiveCfg = Debug|Any CPU
		{E155FCEA-F9D8-485A-8144-F05CDFF3F74B}.Debug|x86.ActiveCfg = Debug|Any CPU
		{E155FCEA-F9D8-485A-8144-F05CDFF3F74B}.Release|Any CPU.ActiveCfg = Release|Any CPU
		{E155FCEA-F9D8-485A-8144-F05CDFF3F74B}.Release|Any CPU.Build.0 = Release|Any CPU
		{E155FCEA-F9D8-485A-8144-F05CDFF3F74B}.Release|ARM.ActiveCfg = Release|Any CPU
		{E155FCEA-F9D8-485A-8144-F05CDFF3F74B}.Release|x64.ActiveCfg = Release|Any CPU
		{E155FCEA-F9D8-485A-8144-F05CDFF3F74B}.Release|x86.ActiveCfg = Release|Any CPU
		{B5A89677-B499-43DE-AB2D-7C73DA6D2396}.Debug|Any CPU.ActiveCfg = Debug|Any CPU
		{B5A89677-B499-43DE-AB2D-7C73DA6D2396}.Debug|Any CPU.Build.0 = Debug|Any CPU
		{B5A89677-B499-43DE-AB2D-7C73DA6D2396}.Debug|ARM.ActiveCfg = Debug|Any CPU
		{B5A89677-B499-43DE-AB2D-7C73DA6D2396}.Debug|x64.ActiveCfg = Debug|Any CPU
		{B5A89677-B499-43DE-AB2D-7C73DA6D2396}.Debug|x86.ActiveCfg = Debug|Any CPU
		{B5A89677-B499-43DE-AB2D-7C73DA6D2396}.Release|Any CPU.ActiveCfg = Release|Any CPU
		{B5A89677-B499-43DE-AB2D-7C73DA6D2396}.Release|Any CPU.Build.0 = Release|Any CPU
		{B5A89677-B499-43DE-AB2D-7C73DA6D2396}.Release|ARM.ActiveCfg = Release|Any CPU
		{B5A89677-B499-43DE-AB2D-7C73DA6D2396}.Release|x64.ActiveCfg = Release|Any CPU
		{B5A89677-B499-43DE-AB2D-7C73DA6D2396}.Release|x86.ActiveCfg = Release|Any CPU
		{FEE42514-52BC-430B-AFBF-7BF0EF7CC30A}.Debug|Any CPU.ActiveCfg = Debug|Any CPU
		{FEE42514-52BC-430B-AFBF-7BF0EF7CC30A}.Debug|Any CPU.Build.0 = Debug|Any CPU
		{FEE42514-52BC-430B-AFBF-7BF0EF7CC30A}.Debug|ARM.ActiveCfg = Debug|Any CPU
		{FEE42514-52BC-430B-AFBF-7BF0EF7CC30A}.Debug|x64.ActiveCfg = Debug|Any CPU
		{FEE42514-52BC-430B-AFBF-7BF0EF7CC30A}.Debug|x86.ActiveCfg = Debug|Any CPU
		{FEE42514-52BC-430B-AFBF-7BF0EF7CC30A}.Release|Any CPU.ActiveCfg = Release|Any CPU
		{FEE42514-52BC-430B-AFBF-7BF0EF7CC30A}.Release|Any CPU.Build.0 = Release|Any CPU
		{FEE42514-52BC-430B-AFBF-7BF0EF7CC30A}.Release|ARM.ActiveCfg = Release|Any CPU
		{FEE42514-52BC-430B-AFBF-7BF0EF7CC30A}.Release|x64.ActiveCfg = Release|Any CPU
		{FEE42514-52BC-430B-AFBF-7BF0EF7CC30A}.Release|x86.ActiveCfg = Release|Any CPU
	EndGlobalSection
	GlobalSection(SolutionProperties) = preSolution
		HideSolutionNode = FALSE
	EndGlobalSection
EndGlobal
